<?xml version="1.0" encoding="utf-8"?>
<Project ToolsVersion="17.0" xmlns="http://schemas.microsoft.com/developer/msbuild/2003">
  <ItemGroup>
    <ClCompile Include="C:\Users\Bizzi\Documents\GitHub\Archive\src\mrg\MRGArchive.cpp">
      <Filter>Source Files</Filter>
    </ClCompile>
  </ItemGroup>
  <ItemGroup>
    <CustomBuild Include="C:\Users\Bizzi\Documents\GitHub\Archive\src\mrg\CMakeLists.txt" />
  </ItemGroup>
  <ItemGroup>
    <Filter Include="Source Files">
      <UniqueIdentifier>{632A8991-9539-392C-A18C-DD943E68F527}</UniqueIdentifier>
    </Filter>
  </ItemGroup>
</Project>
